PODS:
  - ODStringify (1.1.5)
  - ODWeakify (1.1.5):
    - ODStringify (~> 1.1.5)

DEPENDENCIES:
  - ODWeakify (from `../`)

SPEC REPOS:
  trunk:
    - ODStringify

EXTERNAL SOURCES:
  ODWeakify:
    :path: "../"

SPEC CHECKSUMS:
  ODStringify: f7285e58e01abc36c0cd5d80c89a434dd3c70c2d
  ODWeakify: 38b40ce7c8c45ae67c04ace98b43a941fe8ea41c

PODFILE CHECKSUM: 3d919e97676cc7f902e84c6eace9b603bc4033dc

COCOAPODS: 1.11.3
